
Microsoft Visual Studio Solution File, Format Version 12.00
# Visual Studio Version 16
VisualStudioVersion = 16.0.31205.134
MinimumVisualStudioVersion = 10.0.40219.1
Project("{FAE04EC0-301F-11D3-BF4B-00C04F79EFBC}") = "SignalRWeb", "SignalRWeb\SignalRWeb.csproj", "{ECA80C2B-9A46-4202-98DC-C2413FA269BE}"
EndProject
Global
	GlobalSection(SolutionConfigurationPlatforms) = preSolution
		Debug|Any CPU = Debug|Any CPU
		Release|Any CPU = Release|Any CPU
	EndGlobalSection
	GlobalSection(ProjectConfigurationPlatforms) = postSolution
		{ECA80C2B-9A46-4202-98DC-C2413FA269BE}.Debug|Any CPU.ActiveCfg = Debug|Any CPU
		{ECA80C2B-9A46-4202-98DC-C2413FA269BE}.Debug|Any CPU.Build.0 = Debug|Any CPU
		{ECA80C2B-9A46-4202-98DC-C2413FA269BE}.Release|Any CPU.ActiveCfg = Release|Any CPU
		{ECA80C2B-9A46-4202-98DC-C2413FA269BE}.Release|Any CPU.Build.0 = Release|Any CPU
	EndGlobalSection
	GlobalSection(SolutionProperties) = preSolution
		HideSolutionNode = FALSE
	EndGlobalSection
	GlobalSection(ExtensibilityGlobals) = postSolution
		SolutionGuid = {A276DBAA-3056-410D-B9E5-05CDFA8C8142}
	EndGlobalSection
EndGlobal
